
Microsoft Visual Studio Solution File, Format Version 12.00
# Visual Studio 14
VisualStudioVersion = 14.0.25420.1
MinimumVisualStudioVersion = 10.0.40219.1
Project("{FAE04EC0-301F-11D3-BF4B-00C04F79EFBC}") = "SecurityFever", "SecurityFever\SecurityFever.csproj", "{8FC3BDE5-952E-417C-9192-CAEE3202FF65}"
EndProject
Project("{FAE04EC0-301F-11D3-BF4B-00C04F79EFBC}") = "SecurityFever.Tests", "SecurityFever.Tests\SecurityFever.Tests.csproj", "{E15C2BEE-78B2-47EF-A1DB-48311E96E170}"
EndProject
Global
	GlobalSection(SolutionConfigurationPlatforms) = preSolution
		Debug|Any CPU = Debug|Any CPU
		Release|Any CPU = Release|Any CPU
	EndGlobalSection
	GlobalSection(ProjectConfigurationPlatforms) = postSolution
		{8FC3BDE5-952E-417C-9192-CAEE3202FF65}.Debug|Any CPU.ActiveCfg = Debug|Any CPU
		{8FC3BDE5-952E-417C-9192-CAEE3202FF65}.Debug|Any CPU.Build.0 = Debug|Any CPU
		{8FC3BDE5-952E-417C-9192-CAEE3202FF65}.Release|Any CPU.ActiveCfg = Release|Any CPU
		{8FC3BDE5-952E-417C-9192-CAEE3202FF65}.Release|Any CPU.Build.0 = Release|Any CPU
		{E15C2BEE-78B2-47EF-A1DB-48311E96E170}.Debug|Any CPU.ActiveCfg = Debug|Any CPU
		{E15C2BEE-78B2-47EF-A1DB-48311E96E170}.Debug|Any CPU.Build.0 = Debug|Any CPU
		{E15C2BEE-78B2-47EF-A1DB-48311E96E170}.Release|Any CPU.ActiveCfg = Release|Any CPU
		{E15C2BEE-78B2-47EF-A1DB-48311E96E170}.Release|Any CPU.Build.0 = Release|Any CPU
	EndGlobalSection
	GlobalSection(SolutionProperties) = preSolution
		HideSolutionNode = FALSE
	EndGlobalSection
EndGlobal
